// !$*UTF8*$!
{
	archiveVersion = 1;
	classes = {
	};
	objectVersion = 56;
	objects = {

/* Begin PBXBuildFile section */
		7A016A4E29A3D19A005D0B8B /* landmarksApp.swift in Sources */ = {isa = PBXBuildFile; fileRef = 7A016A4D29A3D19A005D0B8B /* landmarksApp.swift */; };
		7A016A5029A3D19A005D0B8B /* FeaturedView.swift in Sources */ = {isa = PBXBuildFile; fileRef = 7A016A4F29A3D19A005D0B8B /* FeaturedView.swift */; };
		7A016A5229A3D19B005D0B8B /* Assets.xcassets in Resources */ = {isa = PBXBuildFile; fileRef = 7A016A5129A3D19B005D0B8B /* Assets.xcassets */; };
		7A016A5529A3D19B005D0B8B /* Preview Assets.xcassets in Resources */ = {isa = PBXBuildFile; fileRef = 7A016A5429A3D19B005D0B8B /* Preview Assets.xcassets */; };
		7A016A5C29A3D229005D0B8B /* Landmark.swift in Sources */ = {isa = PBXBuildFile; fileRef = 7A016A5B29A3D229005D0B8B /* Landmark.swift */; };
		7A016A6029A3D288005D0B8B /* landmarkData.json in Resources */ = {isa = PBXBuildFile; fileRef = 7A016A5E29A3D288005D0B8B /* landmarkData.json */; };
		7A016A6129A3D288005D0B8B /* hikeData.json in Resources */ = {isa = PBXBuildFile; fileRef = 7A016A5F29A3D288005D0B8B /* hikeData.json */; };
		7A016A6329A3D302005D0B8B /* LandmarkViewModel.swift in Sources */ = {isa = PBXBuildFile; fileRef = 7A016A6229A3D302005D0B8B /* LandmarkViewModel.swift */; };
		7A016A6729A3D5BB005D0B8B /* CategoryRowView.swift in Sources */ = {isa = PBXBuildFile; fileRef = 7A016A6629A3D5BB005D0B8B /* CategoryRowView.swift */; };
		7A016A6929A3D745005D0B8B /* CategoryItemView.swift in Sources */ = {isa = PBXBuildFile; fileRef = 7A016A6829A3D745005D0B8B /* CategoryItemView.swift */; };
		7A016A6C29A3DE55005D0B8B /* LandmarkDetailView.swift in Sources */ = {isa = PBXBuildFile; fileRef = 7A016A6B29A3DE55005D0B8B /* LandmarkDetailView.swift */; };
		7A016A6E29A3DE6C005D0B8B /* CircleImageView.swift in Sources */ = {isa = PBXBuildFile; fileRef = 7A016A6D29A3DE6C005D0B8B /* CircleImageView.swift */; };
		7A016A7029A3DF23005D0B8B /* MapView.swift in Sources */ = {isa = PBXBuildFile; fileRef = 7A016A6F29A3DF23005D0B8B /* MapView.swift */; };
		7A016A7429A3F6A7005D0B8B /* LandmarkRowView.swift in Sources */ = {isa = PBXBuildFile; fileRef = 7A016A7329A3F6A7005D0B8B /* LandmarkRowView.swift */; };
		7A016A7629A3F833005D0B8B /* LandmarkListView.swift in Sources */ = {isa = PBXBuildFile; fileRef = 7A016A7529A3F833005D0B8B /* LandmarkListView.swift */; };
		7A016A7829A3FDEE005D0B8B /* MainView.swift in Sources */ = {isa = PBXBuildFile; fileRef = 7A016A7729A3FDEE005D0B8B /* MainView.swift */; };
		7A016A7A29A40314005D0B8B /* FavoriteButtonView.swift in Sources */ = {isa = PBXBuildFile; fileRef = 7A016A7929A40314005D0B8B /* FavoriteButtonView.swift */; };
		7A016A7C29A409DD005D0B8B /* FeatureCardView.swift in Sources */ = {isa = PBXBuildFile; fileRef = 7A016A7B29A409DD005D0B8B /* FeatureCardView.swift */; };
		7A016A7E29A40CB8005D0B8B /* PageViewController.swift in Sources */ = {isa = PBXBuildFile; fileRef = 7A016A7D29A40CB8005D0B8B /* PageViewController.swift */; };
		7A016A8029A40DEB005D0B8B /* PageView.swift in Sources */ = {isa = PBXBuildFile; fileRef = 7A016A7F29A40DEB005D0B8B /* PageView.swift */; };
		7A016A8229A41571005D0B8B /* PageControl.swift in Sources */ = {isa = PBXBuildFile; fileRef = 7A016A8129A41571005D0B8B /* PageControl.swift */; };
/* End PBXBuildFile section */

/* Begin PBXFileReference section */
		7A016A4A29A3D19A005D0B8B /* landmarks.app */ = {isa = PBXFileReference; explicitFileType = wrapper.application; includeInIndex = 0; path = landmarks.app; sourceTree = BUILT_PRODUCTS_DIR; };
		7A016A4D29A3D19A005D0B8B /* landmarksApp.swift */ = {isa = PBXFileReference; lastKnownFileType = sourcecode.swift; path = landmarksApp.swift; sourceTree = "<group>"; };
		7A016A4F29A3D19A005D0B8B /* FeaturedView.swift */ = {isa = PBXFileReference; lastKnownFileType = sourcecode.swift; path = FeaturedView.swift; sourceTree = "<group>"; };
		7A016A5129A3D19B005D0B8B /* Assets.xcassets */ = {isa = PBXFileReference; lastKnownFileType = folder.assetcatalog; path = Assets.xcassets; sourceTree = "<group>"; };
		7A016A5429A3D19B005D0B8B /* Preview Assets.xcassets */ = {isa = PBXFileReference; lastKnownFileType = folder.assetcatalog; path = "Preview Assets.xcassets"; sourceTree = "<group>"; };
		7A016A5B29A3D229005D0B8B /* Landmark.swift */ = {isa = PBXFileReference; lastKnownFileType = sourcecode.swift; path = Landmark.swift; sourceTree = "<group>"; };
		7A016A5E29A3D288005D0B8B /* landmarkData.json */ = {isa = PBXFileReference; fileEncoding = 4; lastKnownFileType = text.json; path = landmarkData.json; sourceTree = "<group>"; };
		7A016A5F29A3D288005D0B8B /* hikeData.json */ = {isa = PBXFileReference; fileEncoding = 4; lastKnownFileType = text.json; path = hikeData.json; sourceTree = "<group>"; };
		7A016A6229A3D302005D0B8B /* LandmarkViewModel.swift */ = {isa = PBXFileReference; lastKnownFileType = sourcecode.swift; path = LandmarkViewModel.swift; sourceTree = "<group>"; };
		7A016A6629A3D5BB005D0B8B /* CategoryRowView.swift */ = {isa = PBXFileReference; lastKnownFileType = sourcecode.swift; path = CategoryRowView.swift; sourceTree = "<group>"; };
		7A016A6829A3D745005D0B8B /* CategoryItemView.swift */ = {isa = PBXFileReference; lastKnownFileType = sourcecode.swift; path = CategoryItemView.swift; sourceTree = "<group>"; };
		7A016A6B29A3DE55005D0B8B /* LandmarkDetailView.swift */ = {isa = PBXFileReference; lastKnownFileType = sourcecode.swift; path = LandmarkDetailView.swift; sourceTree = "<group>"; };
		7A016A6D29A3DE6C005D0B8B /* CircleImageView.swift */ = {isa = PBXFileReference; lastKnownFileType = sourcecode.swift; path = CircleImageView.swift; sourceTree = "<group>"; };
		7A016A6F29A3DF23005D0B8B /* MapView.swift */ = {isa = PBXFileReference; lastKnownFileType = sourcecode.swift; path = MapView.swift; sourceTree = "<group>"; };
		7A016A7329A3F6A7005D0B8B /* LandmarkRowView.swift */ = {isa = PBXFileReference; lastKnownFileType = sourcecode.swift; path = LandmarkRowView.swift; sourceTree = "<group>"; };
		7A016A7529A3F833005D0B8B /* LandmarkListView.swift */ = {isa = PBXFileReference; lastKnownFileType = sourcecode.swift; path = LandmarkListView.swift; sourceTree = "<group>"; };
		7A016A7729A3FDEE005D0B8B /* MainView.swift */ = {isa = PBXFileReference; lastKnownFileType = sourcecode.swift; path = MainView.swift; sourceTree = "<group>"; };
		7A016A7929A40314005D0B8B /* FavoriteButtonView.swift */ = {isa = PBXFileReference; lastKnownFileType = sourcecode.swift; path = FavoriteButtonView.swift; sourceTree = "<group>"; };
		7A016A7B29A409DD005D0B8B /* FeatureCardView.swift */ = {isa = PBXFileReference; lastKnownFileType = sourcecode.swift; path = FeatureCardView.swift; sourceTree = "<group>"; };
		7A016A7D29A40CB8005D0B8B /* PageViewController.swift */ = {isa = PBXFileReference; lastKnownFileType = sourcecode.swift; path = PageViewController.swift; sourceTree = "<group>"; };
		7A016A7F29A40DEB005D0B8B /* PageView.swift */ = {isa = PBXFileReference; lastKnownFileType = sourcecode.swift; path = PageView.swift; sourceTree = "<group>"; };
		7A016A8129A41571005D0B8B /* PageControl.swift */ = {isa = PBXFileReference; lastKnownFileType = sourcecode.swift; path = PageControl.swift; sourceTree = "<group>"; };
/* End PBXFileReference section */

/* Begin PBXFrameworksBuildPhase section */
		7A016A4729A3D19A005D0B8B /* Frameworks */ = {
			isa = PBXFrameworksBuildPhase;
			buildActionMask = 2147483647;
			files = (
			);
			runOnlyForDeploymentPostprocessing = 0;
		};
/* End PBXFrameworksBuildPhase section */

/* Begin PBXGroup section */
		7A016A4129A3D19A005D0B8B = {
			isa = PBXGroup;
			children = (
				7A016A4C29A3D19A005D0B8B /* landmarks */,
				7A016A4B29A3D19A005D0B8B /* Products */,
			);
			sourceTree = "<group>";
		};
		7A016A4B29A3D19A005D0B8B /* Products */ = {
			isa = PBXGroup;
			children = (
				7A016A4A29A3D19A005D0B8B /* landmarks.app */,
			);
			name = Products;
			sourceTree = "<group>";
		};
		7A016A4C29A3D19A005D0B8B /* landmarks */ = {
			isa = PBXGroup;
			children = (
				7A016A7229A3F697005D0B8B /* List */,
				7A016A7129A3F612005D0B8B /* Featured */,
				7A016A6A29A3DE3C005D0B8B /* Detail */,
				7A016A5D29A3D27C005D0B8B /* Resources */,
				7A016A4D29A3D19A005D0B8B /* landmarksApp.swift */,
				7A016A5B29A3D229005D0B8B /* Landmark.swift */,
				7A016A6229A3D302005D0B8B /* LandmarkViewModel.swift */,
				7A016A5129A3D19B005D0B8B /* Assets.xcassets */,
				7A016A5329A3D19B005D0B8B /* Preview Content */,
				7A016A7729A3FDEE005D0B8B /* MainView.swift */,
			);
			path = landmarks;
			sourceTree = "<group>";
		};
		7A016A5329A3D19B005D0B8B /* Preview Content */ = {
			isa = PBXGroup;
			children = (
				7A016A5429A3D19B005D0B8B /* Preview Assets.xcassets */,
			);
			path = "Preview Content";
			sourceTree = "<group>";
		};
		7A016A5D29A3D27C005D0B8B /* Resources */ = {
			isa = PBXGroup;
			children = (
				7A016A5F29A3D288005D0B8B /* hikeData.json */,
				7A016A5E29A3D288005D0B8B /* landmarkData.json */,
			);
			path = Resources;
			sourceTree = "<group>";
		};
		7A016A6A29A3DE3C005D0B8B /* Detail */ = {
			isa = PBXGroup;
			children = (
				7A016A6B29A3DE55005D0B8B /* LandmarkDetailView.swift */,
				7A016A6D29A3DE6C005D0B8B /* CircleImageView.swift */,
				7A016A6F29A3DF23005D0B8B /* MapView.swift */,
				7A016A7929A40314005D0B8B /* FavoriteButtonView.swift */,
			);
			path = Detail;
			sourceTree = "<group>";
		};
		7A016A7129A3F612005D0B8B /* Featured */ = {
			isa = PBXGroup;
			children = (
				7A016A4F29A3D19A005D0B8B /* FeaturedView.swift */,
				7A016A6629A3D5BB005D0B8B /* CategoryRowView.swift */,
				7A016A6829A3D745005D0B8B /* CategoryItemView.swift */,
				7A016A7B29A409DD005D0B8B /* FeatureCardView.swift */,
				7A016A7D29A40CB8005D0B8B /* PageViewController.swift */,
				7A016A7F29A40DEB005D0B8B /* PageView.swift */,
				7A016A8129A41571005D0B8B /* PageControl.swift */,
			);
			path = Featured;
			sourceTree = "<group>";
		};
		7A016A7229A3F697005D0B8B /* List */ = {
			isa = PBXGroup;
			children = (
				7A016A7329A3F6A7005D0B8B /* LandmarkRowView.swift */,
				7A016A7529A3F833005D0B8B /* LandmarkListView.swift */,
			);
			path = List;
			sourceTree = "<group>";
		};
/* End PBXGroup section */

/* Begin PBXNativeTarget section */
		7A016A4929A3D19A005D0B8B /* landmarks */ = {
			isa = PBXNativeTarget;
			buildConfigurationList = 7A016A5829A3D19B005D0B8B /* Build configuration list for PBXNativeTarget "landmarks" */;
			buildPhases = (
				7A016A4629A3D19A005D0B8B /* Sources */,
				7A016A4729A3D19A005D0B8B /* Frameworks */,
				7A016A4829A3D19A005D0B8B /* Resources */,
			);
			buildRules = (
			);
			dependencies = (
			);
			name = landmarks;
			productName = landmarks;
			productReference = 7A016A4A29A3D19A005D0B8B /* landmarks.app */;
			productType = "com.apple.product-type.application";
		};
/* End PBXNativeTarget section */

/* Begin PBXProject section */
		7A016A4229A3D19A005D0B8B /* Project object */ = {
			isa = PBXProject;
			attributes = {
				BuildIndependentTargetsInParallel = 1;
				LastSwiftUpdateCheck = 1420;
				LastUpgradeCheck = 1420;
				TargetAttributes = {
					7A016A4929A3D19A005D0B8B = {
						CreatedOnToolsVersion = 14.2;
					};
				};
			};
			buildConfigurationList = 7A016A4529A3D19A005D0B8B /* Build configuration list for PBXProject "landmarks" */;
			compatibilityVersion = "Xcode 14.0";
			developmentRegion = en;
			hasScannedForEncodings = 0;
			knownRegions = (
				en,
				Base,
			);
			mainGroup = 7A016A4129A3D19A005D0B8B;
			productRefGroup = 7A016A4B29A3D19A005D0B8B /* Products */;
			projectDirPath = "";
			projectRoot = "";
			targets = (
				7A016A4929A3D19A005D0B8B /* landmarks */,
			);
		};
/* End PBXProject section */

/* Begin PBXResourcesBuildPhase section */
		7A016A4829A3D19A005D0B8B /* Resources */ = {
			isa = PBXResourcesBuildPhase;
			buildActionMask = 2147483647;
			files = (
				7A016A6129A3D288005D0B8B /* hikeData.json in Resources */,
				7A016A5529A3D19B005D0B8B /* Preview Assets.xcassets in Resources */,
				7A016A5229A3D19B005D0B8B /* Assets.xcassets in Resources */,
				7A016A6029A3D288005D0B8B /* landmarkData.json in Resources */,
			);
			runOnlyForDeploymentPostprocessing = 0;
		};
/* End PBXResourcesBuildPhase section */

/* Begin PBXSourcesBuildPhase section */
		7A016A4629A3D19A005D0B8B /* Sources */ = {
			isa = PBXSourcesBuildPhase;
			buildActionMask = 2147483647;
			files = (
				7A016A6E29A3DE6C005D0B8B /* CircleImageView.swift in Sources */,
				7A016A8029A40DEB005D0B8B /* PageView.swift in Sources */,
				7A016A7429A3F6A7005D0B8B /* LandmarkRowView.swift in Sources */,
				7A016A6329A3D302005D0B8B /* LandmarkViewModel.swift in Sources */,
				7A016A7629A3F833005D0B8B /* LandmarkListView.swift in Sources */,
				7A016A7A29A40314005D0B8B /* FavoriteButtonView.swift in Sources */,
				7A016A6C29A3DE55005D0B8B /* LandmarkDetailView.swift in Sources */,
				7A016A7E29A40CB8005D0B8B /* PageViewController.swift in Sources */,
				7A016A6729A3D5BB005D0B8B /* CategoryRowView.swift in Sources */,
				7A016A5029A3D19A005D0B8B /* FeaturedView.swift in Sources */,
				7A016A6929A3D745005D0B8B /* CategoryItemView.swift in Sources */,
				7A016A4E29A3D19A005D0B8B /* landmarksApp.swift in Sources */,
				7A016A7029A3DF23005D0B8B /* MapView.swift in Sources */,
				7A016A7C29A409DD005D0B8B /* FeatureCardView.swift in Sources */,
				7A016A7829A3FDEE005D0B8B /* MainView.swift in Sources */,
				7A016A8229A41571005D0B8B /* PageControl.swift in Sources */,
				7A016A5C29A3D229005D0B8B /* Landmark.swift in Sources */,
			);
			runOnlyForDeploymentPostprocessing = 0;
		};
/* End PBXSourcesBuildPhase section */

/* Begin XCBuildConfiguration section */
		7A016A5629A3D19B005D0B8B /* Debug */ = {
			isa = XCBuildConfiguration;
			buildSettings = {
				ALWAYS_SEARCH_USER_PATHS = NO;
				CLANG_ANALYZER_NONNULL = YES;
				CLANG_ANALYZER_NUMBER_OBJECT_CONVERSION = YES_AGGRESSIVE;
				CLANG_CXX_LANGUAGE_STANDARD = "gnu++20";
				CLANG_ENABLE_MODULES = YES;
				CLANG_ENABLE_OBJC_ARC = YES;
				CLANG_ENABLE_OBJC_WEAK = YES;
				CLANG_WARN_BLOCK_CAPTURE_AUTORELEASING = YES;
				CLANG_WARN_BOOL_CONVERSION = YES;
				CLANG_WARN_COMMA = YES;
				CLANG_WARN_CONSTANT_CONVERSION = YES;
				CLANG_WARN_DEPRECATED_OBJC_IMPLEMENTATIONS = YES;
				CLANG_WARN_DIRECT_OBJC_ISA_USAGE = YES_ERROR;
				CLANG_WARN_DOCUMENTATION_COMMENTS = YES;
				CLANG_WARN_EMPTY_BODY = YES;
				CLANG_WARN_ENUM_CONVERSION = YES;
				CLANG_WARN_INFINITE_RECURSION = YES;
				CLANG_WARN_INT_CONVERSION = YES;
				CLANG_WARN_NON_LITERAL_NULL_CONVERSION = YES;
				CLANG_WARN_OBJC_IMPLICIT_RETAIN_SELF = YES;
				CLANG_WARN_OBJC_LITERAL_CONVERSION = YES;
				CLANG_WARN_OBJC_ROOT_CLASS = YES_ERROR;
				CLANG_WARN_QUOTED_INCLUDE_IN_FRAMEWORK_HEADER = YES;
				CLANG_WARN_RANGE_LOOP_ANALYSIS = YES;
				CLANG_WARN_STRICT_PROTOTYPES = YES;
				CLANG_WARN_SUSPICIOUS_MOVE = YES;
				CLANG_WARN_UNGUARDED_AVAILABILITY = YES_AGGRESSIVE;
				CLANG_WARN_UNREACHABLE_CODE = YES;
				CLANG_WARN__DUPLICATE_METHOD_MATCH = YES;
				COPY_PHASE_STRIP = NO;
				DEBUG_INFORMATION_FORMAT = dwarf;
				ENABLE_STRICT_OBJC_MSGSEND = YES;
				ENABLE_TESTABILITY = YES;
				GCC_C_LANGUAGE_STANDARD = gnu11;
				GCC_DYNAMIC_NO_PIC = NO;
				GCC_NO_COMMON_BLOCKS = YES;
				GCC_OPTIMIZATION_LEVEL = 0;
				GCC_PREPROCESSOR_DEFINITIONS = (
					"DEBUG=1",
					"$(inherited)",
				);
				GCC_WARN_64_TO_32_BIT_CONVERSION = YES;
				GCC_WARN_ABOUT_RETURN_TYPE = YES_ERROR;
				GCC_WARN_UNDECLARED_SELECTOR = YES;
				GCC_WARN_UNINITIALIZED_AUTOS = YES_AGGRESSIVE;
				GCC_WARN_UNUSED_FUNCTION = YES;
				GCC_WARN_UNUSED_VARIABLE = YES;
				IPHONEOS_DEPLOYMENT_TARGET = 16.2;
				MTL_ENABLE_DEBUG_INFO = INCLUDE_SOURCE;
				MTL_FAST_MATH = YES;
				ONLY_ACTIVE_ARCH = YES;
				SDKROOT = iphoneos;
				SWIFT_ACTIVE_COMPILATION_CONDITIONS = DEBUG;
				SWIFT_OPTIMIZATION_LEVEL = "-Onone";
			};
			name = Debug;
		};
		7A016A5729A3D19B005D0B8B /* Release */ = {
			isa = XCBuildConfiguration;
			buildSettings = {
				ALWAYS_SEARCH_USER_PATHS = NO;
				CLANG_ANALYZER_NONNULL = YES;
				CLANG_ANALYZER_NUMBER_OBJECT_CONVERSION = YES_AGGRESSIVE;
				CLANG_CXX_LANGUAGE_STANDARD = "gnu++20";
				CLANG_ENABLE_MODULES = YES;
				CLANG_ENABLE_OBJC_ARC = YES;
				CLANG_ENABLE_OBJC_WEAK = YES;
				CLANG_WARN_BLOCK_CAPTURE_AUTORELEASING = YES;
				CLANG_WARN_BOOL_CONVERSION = YES;
				CLANG_WARN_COMMA = YES;
				CLANG_WARN_CONSTANT_CONVERSION = YES;
				CLANG_WARN_DEPRECATED_OBJC_IMPLEMENTATIONS = YES;
				CLANG_WARN_DIRECT_OBJC_ISA_USAGE = YES_ERROR;
				CLANG_WARN_DOCUMENTATION_COMMENTS = YES;
				CLANG_WARN_EMPTY_BODY = YES;
				CLANG_WARN_ENUM_CONVERSION = YES;
				CLANG_WARN_INFINITE_RECURSION = YES;
				CLANG_WARN_INT_CONVERSION = YES;
				CLANG_WARN_NON_LITERAL_NULL_CONVERSION = YES;
				CLANG_WARN_OBJC_IMPLICIT_RETAIN_SELF = YES;
				CLANG_WARN_OBJC_LITERAL_CONVERSION = YES;
				CLANG_WARN_OBJC_ROOT_CLASS = YES_ERROR;
				CLANG_WARN_QUOTED_INCLUDE_IN_FRAMEWORK_HEADER = YES;
				CLANG_WARN_RANGE_LOOP_ANALYSIS = YES;
				CLANG_WARN_STRICT_PROTOTYPES = YES;
				CLANG_WARN_SUSPICIOUS_MOVE = YES;
				CLANG_WARN_UNGUARDED_AVAILABILITY = YES_AGGRESSIVE;
				CLANG_WARN_UNREACHABLE_CODE = YES;
				CLANG_WARN__DUPLICATE_METHOD_MATCH = YES;
				COPY_PHASE_STRIP = NO;
				DEBUG_INFORMATION_FORMAT = "dwarf-with-dsym";
				ENABLE_NS_ASSERTIONS = NO;
				ENABLE_STRICT_OBJC_MSGSEND = YES;
				GCC_C_LANGUAGE_STANDARD = gnu11;
				GCC_NO_COMMON_BLOCKS = YES;
				GCC_WARN_64_TO_32_BIT_CONVERSION = YES;
				GCC_WARN_ABOUT_RETURN_TYPE = YES_ERROR;
				GCC_WARN_UNDECLARED_SELECTOR = YES;
				GCC_WARN_UNINITIALIZED_AUTOS = YES_AGGRESSIVE;
				GCC_WARN_UNUSED_FUNCTION = YES;
				GCC_WARN_UNUSED_VARIABLE = YES;
				IPHONEOS_DEPLOYMENT_TARGET = 16.2;
				MTL_ENABLE_DEBUG_INFO = NO;
				MTL_FAST_MATH = YES;
				SDKROOT = iphoneos;
				SWIFT_COMPILATION_MODE = wholemodule;
				SWIFT_OPTIMIZATION_LEVEL = "-O";
				VALIDATE_PRODUCT = YES;
			};
			name = Release;
		};
		7A016A5929A3D19B005D0B8B /* Debug */ = {
			isa = XCBuildConfiguration;
			buildSettings = {
				ASSETCATALOG_COMPILER_APPICON_NAME = AppIcon;
				ASSETCATALOG_COMPILER_GLOBAL_ACCENT_COLOR_NAME = AccentColor;
				CODE_SIGN_STYLE = Automatic;
				CURRENT_PROJECT_VERSION = 1;
				DEVELOPMENT_ASSET_PATHS = "\"landmarks/Preview Content\"";
				DEVELOPMENT_TEAM = 8GL3NNL858;
				ENABLE_PREVIEWS = YES;
				GENERATE_INFOPLIST_FILE = YES;
				INFOPLIST_KEY_UIApplicationSceneManifest_Generation = YES;
				INFOPLIST_KEY_UIApplicationSupportsIndirectInputEvents = YES;
				INFOPLIST_KEY_UILaunchScreen_Generation = YES;
				INFOPLIST_KEY_UISupportedInterfaceOrientations_iPad = "UIInterfaceOrientationPortrait UIInterfaceOrientationPortraitUpsideDown UIInterfaceOrientationLandscapeLeft UIInterfaceOrientationLandscapeRight";
				INFOPLIST_KEY_UISupportedInterfaceOrientations_iPhone = "UIInterfaceOrientationPortrait UIInterfaceOrientationLandscapeLeft UIInterfaceOrientationLandscapeRight";
				LD_RUNPATH_SEARCH_PATHS = (
					"$(inherited)",
					"@executable_path/Frameworks",
				);
				MARKETING_VERSION = 1.0;
				PRODUCT_BUNDLE_IDENTIFIER = com.alesanabriav.landmarks;
				PRODUCT_NAME = "$(TARGET_NAME)";
				SWIFT_EMIT_LOC_STRINGS = YES;
				SWIFT_VERSION = 5.0;
				TARGETED_DEVICE_FAMILY = "1,2";
			};
			name = Debug;
		};
		7A016A5A29A3D19B005D0B8B /* Release */ = {
			isa = XCBuildConfiguration;
			buildSettings = {
				ASSETCATALOG_COMPILER_APPICON_NAME = AppIcon;
				ASSETCATALOG_COMPILER_GLOBAL_ACCENT_COLOR_NAME = AccentColor;
				CODE_SIGN_STYLE = Automatic;
				CURRENT_PROJECT_VERSION = 1;
				DEVELOPMENT_ASSET_PATHS = "\"landmarks/Preview Content\"";
				DEVELOPMENT_TEAM = 8GL3NNL858;
				ENABLE_PREVIEWS = YES;
				GENERATE_INFOPLIST_FILE = YES;
				INFOPLIST_KEY_UIApplicationSceneManifest_Generation = YES;
				INFOPLIST_KEY_UIApplicationSupportsIndirectInputEvents = YES;
				INFOPLIST_KEY_UILaunchScreen_Generation = YES;
				INFOPLIST_KEY_UISupportedInterfaceOrientations_iPad = "UIInterfaceOrientationPortrait UIInterfaceOrientationPortraitUpsideDown UIInterfaceOrientationLandscapeLeft UIInterfaceOrientationLandscapeRight";
				INFOPLIST_KEY_UISupportedInterfaceOrientations_iPhone = "UIInterfaceOrientationPortrait UIInterfaceOrientationLandscapeLeft UIInterfaceOrientationLandscapeRight";
				LD_RUNPATH_SEARCH_PATHS = (
					"$(inherited)",
					"@executable_path/Frameworks",
				);
				MARKETING_VERSION = 1.0;
				PRODUCT_BUNDLE_IDENTIFIER = com.alesanabriav.landmarks;
				PRODUCT_NAME = "$(TARGET_NAME)";
				SWIFT_EMIT_LOC_STRINGS = YES;
				SWIFT_VERSION = 5.0;
				TARGETED_DEVICE_FAMILY = "1,2";
			};
			name = Release;
		};
/* End XCBuildConfiguration section */

/* Begin XCConfigurationList section */
		7A016A4529A3D19A005D0B8B /* Build configuration list for PBXProject "landmarks" */ = {
			isa = XCConfigurationList;
			buildConfigurations = (
				7A016A5629A3D19B005D0B8B /* Debug */,
				7A016A5729A3D19B005D0B8B /* Release */,
			);
			defaultConfigurationIsVisible = 0;
			defaultConfigurationName = Release;
		};
		7A016A5829A3D19B005D0B8B /* Build configuration list for PBXNativeTarget "landmarks" */ = {
			isa = XCConfigurationList;
			buildConfigurations = (
				7A016A5929A3D19B005D0B8B /* Debug */,
				7A016A5A29A3D19B005D0B8B /* Release */,
			);
			defaultConfigurationIsVisible = 0;
			defaultConfigurationName = Release;
		};
/* End XCConfigurationList section */
	};
	rootObject = 7A016A4229A3D19A005D0B8B /* Project object */;
}
